
Microsoft Visual Studio Solution File, Format Version 12.00
# Visual Studio Version 16
VisualStudioVersion = 16.0.35130.168
MinimumVisualStudioVersion = 10.0.40219.1
Project("{FAE04EC0-301F-11D3-BF4B-00C04F79EFBC}") = "coding-challenge-repository", "coding-challenge-repository\coding-challenge-repository.csproj", "{65FD8C08-0F9C-41DC-8625-D5BE23161A93}"
EndProject
Global
	GlobalSection(SolutionConfigurationPlatforms) = preSolution
		Debug|Any CPU = Debug|Any CPU
		Release|Any CPU = Release|Any CPU
	EndGlobalSection
	GlobalSection(ProjectConfigurationPlatforms) = postSolution
		{65FD8C08-0F9C-41DC-8625-D5BE23161A93}.Debug|Any CPU.ActiveCfg = Debug|Any CPU
		{65FD8C08-0F9C-41DC-8625-D5BE23161A93}.Debug|Any CPU.Build.0 = Debug|Any CPU
		{65FD8C08-0F9C-41DC-8625-D5BE23161A93}.Release|Any CPU.ActiveCfg = Release|Any CPU
		{65FD8C08-0F9C-41DC-8625-D5BE23161A93}.Release|Any CPU.Build.0 = Release|Any CPU
	EndGlobalSection
	GlobalSection(SolutionProperties) = preSolution
		HideSolutionNode = FALSE
	EndGlobalSection
	GlobalSection(ExtensibilityGlobals) = postSolution
		SolutionGuid = {88ED311F-91C7-4D21-A85B-3EB7729E590E}
	EndGlobalSection
EndGlobal
